
Microsoft Visual Studio Solution File, Format Version 12.00
# Visual Studio Version 17
VisualStudioVersion = 17.11.35208.52
MinimumVisualStudioVersion = 10.0.40219.1
Project("{8BC9CEB8-8B4A-11D0-8D11-00A0C91BC942}") = "Lab_06.2.rec", "Lab_06.2.rec\Lab_06.2.rec.vcxproj", "{035A006F-AEF6-4E60-A6BA-1FD7B6692F84}"
EndProject
Project("{8BC9CEB8-8B4A-11D0-8D11-00A0C91BC942}") = "UnitTest", "UnitTest\UnitTest.vcxproj", "{28B5DBF4-06F2-4F99-96CF-CE373449DDEF}"
EndProject
Global
	GlobalSection(SolutionConfigurationPlatforms) = preSolution
		Debug|x64 = Debug|x64
		Debug|x86 = Debug|x86
		Release|x64 = Release|x64
		Release|x86 = Release|x86
	EndGlobalSection
	GlobalSection(ProjectConfigurationPlatforms) = postSolution
		{035A006F-AEF6-4E60-A6BA-1FD7B6692F84}.Debug|x64.ActiveCfg = Debug|x64
		{035A006F-AEF6-4E60-A6BA-1FD7B6692F84}.Debug|x64.Build.0 = Debug|x64
		{035A006F-AEF6-4E60-A6BA-1FD7B6692F84}.Debug|x86.ActiveCfg = Debug|Win32
		{035A006F-AEF6-4E60-A6BA-1FD7B6692F84}.Debug|x86.Build.0 = Debug|Win32
		{035A006F-AEF6-4E60-A6BA-1FD7B6692F84}.Release|x64.ActiveCfg = Release|x64
		{035A006F-AEF6-4E60-A6BA-1FD7B6692F84}.Release|x64.Build.0 = Release|x64
		{035A006F-AEF6-4E60-A6BA-1FD7B6692F84}.Release|x86.ActiveCfg = Release|Win32
		{035A006F-AEF6-4E60-A6BA-1FD7B6692F84}.Release|x86.Build.0 = Release|Win32
		{28B5DBF4-06F2-4F99-96CF-CE373449DDEF}.Debug|x64.ActiveCfg = Debug|x64
		{28B5DBF4-06F2-4F99-96CF-CE373449DDEF}.Debug|x64.Build.0 = Debug|x64
		{28B5DBF4-06F2-4F99-96CF-CE373449DDEF}.Debug|x86.ActiveCfg = Debug|Win32
		{28B5DBF4-06F2-4F99-96CF-CE373449DDEF}.Debug|x86.Build.0 = Debug|Win32
		{28B5DBF4-06F2-4F99-96CF-CE373449DDEF}.Release|x64.ActiveCfg = Release|x64
		{28B5DBF4-06F2-4F99-96CF-CE373449DDEF}.Release|x64.Build.0 = Release|x64
		{28B5DBF4-06F2-4F99-96CF-CE373449DDEF}.Release|x86.ActiveCfg = Release|Win32
		{28B5DBF4-06F2-4F99-96CF-CE373449DDEF}.Release|x86.Build.0 = Release|Win32
	EndGlobalSection
	GlobalSection(SolutionProperties) = preSolution
		HideSolutionNode = FALSE
	EndGlobalSection
	GlobalSection(ExtensibilityGlobals) = postSolution
		SolutionGuid = {89B07806-9E60-45A1-BB80-B09A5E4C1E9E}
	EndGlobalSection
EndGlobal
